
Microsoft Visual Studio Solution File, Format Version 12.00
# Visual Studio Version 16
VisualStudioVersion = 16.0.29215.179
MinimumVisualStudioVersion = 10.0.40219.1
Project("{FAE04EC0-301F-11D3-BF4B-00C04F79EFBC}") = "ImportShapeFilesAndDBF", "ImportShapeFilesAndDBF.csproj", "{288C321E-B7B6-4C97-A7F8-6F68B64308DB}"
EndProject
Project("{9A19103F-16F7-4668-BE54-9A1E7A4F7556}") = "DbfDataReader", "DbfDataReader\src\DbfDataReader\DbfDataReader.csproj", "{056EDE95-9F44-48E2-AA3E-81FE498DF00A}"
EndProject
Project("{FAE04EC0-301F-11D3-BF4B-00C04F79EFBC}") = "TestChanges", "Fixfbfcrap\TestChanges.csproj", "{D0B71A46-CE40-495C-8D8E-AC9A4D8E69F6}"
EndProject
Project("{FAE04EC0-301F-11D3-BF4B-00C04F79EFBC}") = "ShapeUtilities", "ShapeUtilities\ShapeUtilities.csproj", "{B1B2E1D1-085C-42C7-BC55-E27B36CAC38D}"
EndProject
Project("{FAE04EC0-301F-11D3-BF4B-00C04F79EFBC}") = "CensusFiles", "..\CensusFiles\CensusFiles.csproj", "{D8352A45-8769-423E-B873-7E6DED83C4D1}"
EndProject
Global
	GlobalSection(SolutionConfigurationPlatforms) = preSolution
		Debug|Any CPU = Debug|Any CPU
		Release|Any CPU = Release|Any CPU
	EndGlobalSection
	GlobalSection(ProjectConfigurationPlatforms) = postSolution
		{288C321E-B7B6-4C97-A7F8-6F68B64308DB}.Debug|Any CPU.ActiveCfg = Debug|Any CPU
		{288C321E-B7B6-4C97-A7F8-6F68B64308DB}.Debug|Any CPU.Build.0 = Debug|Any CPU
		{288C321E-B7B6-4C97-A7F8-6F68B64308DB}.Release|Any CPU.ActiveCfg = Debug|Any CPU
		{288C321E-B7B6-4C97-A7F8-6F68B64308DB}.Release|Any CPU.Build.0 = Debug|Any CPU
		{056EDE95-9F44-48E2-AA3E-81FE498DF00A}.Debug|Any CPU.ActiveCfg = Debug|Any CPU
		{056EDE95-9F44-48E2-AA3E-81FE498DF00A}.Debug|Any CPU.Build.0 = Debug|Any CPU
		{056EDE95-9F44-48E2-AA3E-81FE498DF00A}.Release|Any CPU.ActiveCfg = Release|Any CPU
		{056EDE95-9F44-48E2-AA3E-81FE498DF00A}.Release|Any CPU.Build.0 = Release|Any CPU
		{D0B71A46-CE40-495C-8D8E-AC9A4D8E69F6}.Debug|Any CPU.ActiveCfg = Debug|Any CPU
		{D0B71A46-CE40-495C-8D8E-AC9A4D8E69F6}.Debug|Any CPU.Build.0 = Debug|Any CPU
		{D0B71A46-CE40-495C-8D8E-AC9A4D8E69F6}.Release|Any CPU.ActiveCfg = Release|Any CPU
		{D0B71A46-CE40-495C-8D8E-AC9A4D8E69F6}.Release|Any CPU.Build.0 = Release|Any CPU
		{B1B2E1D1-085C-42C7-BC55-E27B36CAC38D}.Debug|Any CPU.ActiveCfg = Debug|Any CPU
		{B1B2E1D1-085C-42C7-BC55-E27B36CAC38D}.Debug|Any CPU.Build.0 = Debug|Any CPU
		{B1B2E1D1-085C-42C7-BC55-E27B36CAC38D}.Release|Any CPU.ActiveCfg = Release|Any CPU
		{B1B2E1D1-085C-42C7-BC55-E27B36CAC38D}.Release|Any CPU.Build.0 = Release|Any CPU
		{D8352A45-8769-423E-B873-7E6DED83C4D1}.Debug|Any CPU.ActiveCfg = Debug|Any CPU
		{D8352A45-8769-423E-B873-7E6DED83C4D1}.Debug|Any CPU.Build.0 = Debug|Any CPU
		{D8352A45-8769-423E-B873-7E6DED83C4D1}.Release|Any CPU.ActiveCfg = Release|Any CPU
		{D8352A45-8769-423E-B873-7E6DED83C4D1}.Release|Any CPU.Build.0 = Release|Any CPU
	EndGlobalSection
	GlobalSection(SolutionProperties) = preSolution
		HideSolutionNode = FALSE
	EndGlobalSection
	GlobalSection(ExtensibilityGlobals) = postSolution
		SolutionGuid = {E127C556-0457-4736-874D-00F8A6BF6F96}
	EndGlobalSection
EndGlobal
